
Microsoft Visual Studio Solution File, Format Version 12.00
# Visual Studio Version 16
VisualStudioVersion = 16.0.31515.178
MinimumVisualStudioVersion = 10.0.40219.1
Project("{9A19103F-16F7-4668-BE54-9A1E7A4F7556}") = "DocumentControl.MVC", "DocumentControl.MVC\DocumentControl.MVC.csproj", "{71474D91-EE9E-4AF5-B234-BDF4F6A1DFF3}"
EndProject
Global
	GlobalSection(SolutionConfigurationPlatforms) = preSolution
		Debug|Any CPU = Debug|Any CPU
		Release|Any CPU = Release|Any CPU
	EndGlobalSection
	GlobalSection(ProjectConfigurationPlatforms) = postSolution
		{71474D91-EE9E-4AF5-B234-BDF4F6A1DFF3}.Debug|Any CPU.ActiveCfg = Debug|Any CPU
		{71474D91-EE9E-4AF5-B234-BDF4F6A1DFF3}.Debug|Any CPU.Build.0 = Debug|Any CPU
		{71474D91-EE9E-4AF5-B234-BDF4F6A1DFF3}.Release|Any CPU.ActiveCfg = Release|Any CPU
		{71474D91-EE9E-4AF5-B234-BDF4F6A1DFF3}.Release|Any CPU.Build.0 = Release|Any CPU
	EndGlobalSection
	GlobalSection(SolutionProperties) = preSolution
		HideSolutionNode = FALSE
	EndGlobalSection
	GlobalSection(ExtensibilityGlobals) = postSolution
		SolutionGuid = {94EAF964-D022-4968-9D07-34FB378E05BA}
	EndGlobalSection
EndGlobal
